// !$*UTF8*$!
{
	archiveVersion = 1;
	classes = {
	};
	objectVersion = 56;
	objects = {

/* Begin PBXBuildFile section */
		8F09DED32A28545B00B04CC4 /* ChatListViewController.swift in Sources */ = {isa = PBXBuildFile; fileRef = 8F09DED22A28545B00B04CC4 /* ChatListViewController.swift */; };
		8F09DED52A28546A00B04CC4 /* ChatViewController.swift in Sources */ = {isa = PBXBuildFile; fileRef = 8F09DED42A28546A00B04CC4 /* ChatViewController.swift */; };
		8F09DED72A28547700B04CC4 /* ChatCell.swift in Sources */ = {isa = PBXBuildFile; fileRef = 8F09DED62A28547700B04CC4 /* ChatCell.swift */; };
		8F09DEDA2A28696C00B04CC4 /* FreeboardCommentCell.swift in Sources */ = {isa = PBXBuildFile; fileRef = 8F09DED92A28696C00B04CC4 /* FreeboardCommentCell.swift */; };
		8F0A690629E084C000E1ED2B /* weatherInformation.swift in Sources */ = {isa = PBXBuildFile; fileRef = 8F0A690529E084C000E1ED2B /* weatherInformation.swift */; };
		8F0A690829E084F500E1ED2B /* MainViewController.swift in Sources */ = {isa = PBXBuildFile; fileRef = 8F0A690729E084F500E1ED2B /* MainViewController.swift */; };
		8F0A690A29E0856300E1ED2B /* ErrorMessage.swift in Sources */ = {isa = PBXBuildFile; fileRef = 8F0A690929E0856300E1ED2B /* ErrorMessage.swift */; };
		8F0A692C29E1B4DF00E1ED2B /* BannerInfo.swift in Sources */ = {isa = PBXBuildFile; fileRef = 8F0A692B29E1B4DF00E1ED2B /* BannerInfo.swift */; };
		8F0A692E29E1B54100E1ED2B /* BannerCell.swift in Sources */ = {isa = PBXBuildFile; fileRef = 8F0A692D29E1B54000E1ED2B /* BannerCell.swift */; };
		8F23D7AD2A02BF1500005174 /* FreeBoardViewController.swift in Sources */ = {isa = PBXBuildFile; fileRef = 8F23D7AC2A02BF1500005174 /* FreeBoardViewController.swift */; };
		8F23D7B22A02C6E400005174 /* FreeBoardWriteViewController.swift in Sources */ = {isa = PBXBuildFile; fileRef = 8F23D7B12A02C6E400005174 /* FreeBoardWriteViewController.swift */; };
		8F4261EF2AFD1AF1004E2936 /* FirebaseAnalytics in Frameworks */ = {isa = PBXBuildFile; productRef = 8F4261EE2AFD1AF1004E2936 /* FirebaseAnalytics */; };
		8F4261F12AFD1AF1004E2936 /* FirebaseAnalyticsOnDeviceConversion in Frameworks */ = {isa = PBXBuildFile; productRef = 8F4261F02AFD1AF1004E2936 /* FirebaseAnalyticsOnDeviceConversion */; };
		8F4261F32AFD1AF1004E2936 /* FirebaseAnalyticsSwift in Frameworks */ = {isa = PBXBuildFile; productRef = 8F4261F22AFD1AF1004E2936 /* FirebaseAnalyticsSwift */; };
		8F4261F52AFD1AF1004E2936 /* FirebaseAnalyticsWithoutAdIdSupport in Frameworks */ = {isa = PBXBuildFile; productRef = 8F4261F42AFD1AF1004E2936 /* FirebaseAnalyticsWithoutAdIdSupport */; };
		8F4261F72AFD1AF1004E2936 /* FirebaseAppCheck in Frameworks */ = {isa = PBXBuildFile; productRef = 8F4261F62AFD1AF1004E2936 /* FirebaseAppCheck */; };
		8F4261F92AFD1AF1004E2936 /* FirebaseAppDistribution-Beta in Frameworks */ = {isa = PBXBuildFile; productRef = 8F4261F82AFD1AF1004E2936 /* FirebaseAppDistribution-Beta */; };
		8F4261FB2AFD1AF1004E2936 /* FirebaseAuth in Frameworks */ = {isa = PBXBuildFile; productRef = 8F4261FA2AFD1AF1004E2936 /* FirebaseAuth */; };
		8F4261FD2AFD1AF1004E2936 /* FirebaseAuthCombine-Community in Frameworks */ = {isa = PBXBuildFile; productRef = 8F4261FC2AFD1AF1004E2936 /* FirebaseAuthCombine-Community */; };
		8F4261FF2AFD1AF1004E2936 /* FirebaseCrashlytics in Frameworks */ = {isa = PBXBuildFile; productRef = 8F4261FE2AFD1AF1004E2936 /* FirebaseCrashlytics */; };
		8F4262012AFD1AF1004E2936 /* FirebaseDatabase in Frameworks */ = {isa = PBXBuildFile; productRef = 8F4262002AFD1AF1004E2936 /* FirebaseDatabase */; };
		8F4262032AFD1AF1004E2936 /* FirebaseDatabaseSwift in Frameworks */ = {isa = PBXBuildFile; productRef = 8F4262022AFD1AF1004E2936 /* FirebaseDatabaseSwift */; };
		8F4262052AFD1AF1004E2936 /* FirebaseDynamicLinks in Frameworks */ = {isa = PBXBuildFile; productRef = 8F4262042AFD1AF1004E2936 /* FirebaseDynamicLinks */; };
		8F4262072AFD1AF1004E2936 /* FirebaseFirestore in Frameworks */ = {isa = PBXBuildFile; productRef = 8F4262062AFD1AF1004E2936 /* FirebaseFirestore */; };
		8F4262092AFD1AF1004E2936 /* FirebaseFirestoreCombine-Community in Frameworks */ = {isa = PBXBuildFile; productRef = 8F4262082AFD1AF1004E2936 /* FirebaseFirestoreCombine-Community */; };
		8F42620B2AFD1AF1004E2936 /* FirebaseFirestoreSwift in Frameworks */ = {isa = PBXBuildFile; productRef = 8F42620A2AFD1AF1004E2936 /* FirebaseFirestoreSwift */; };
		8F42620D2AFD1AF1004E2936 /* FirebaseFunctions in Frameworks */ = {isa = PBXBuildFile; productRef = 8F42620C2AFD1AF1004E2936 /* FirebaseFunctions */; };
		8F42620F2AFD1AF1004E2936 /* FirebaseFunctionsCombine-Community in Frameworks */ = {isa = PBXBuildFile; productRef = 8F42620E2AFD1AF1004E2936 /* FirebaseFunctionsCombine-Community */; };
		8F4262112AFD1AF1004E2936 /* FirebaseInAppMessaging-Beta in Frameworks */ = {isa = PBXBuildFile; productRef = 8F4262102AFD1AF1004E2936 /* FirebaseInAppMessaging-Beta */; };
		8F4262132AFD1AF1004E2936 /* FirebaseInAppMessagingSwift-Beta in Frameworks */ = {isa = PBXBuildFile; productRef = 8F4262122AFD1AF1004E2936 /* FirebaseInAppMessagingSwift-Beta */; };
		8F4262152AFD1AF1004E2936 /* FirebaseInstallations in Frameworks */ = {isa = PBXBuildFile; productRef = 8F4262142AFD1AF1004E2936 /* FirebaseInstallations */; };
		8F4262172AFD1AF1004E2936 /* FirebaseMLModelDownloader in Frameworks */ = {isa = PBXBuildFile; productRef = 8F4262162AFD1AF1004E2936 /* FirebaseMLModelDownloader */; };
		8F4262192AFD1AF1004E2936 /* FirebaseMessaging in Frameworks */ = {isa = PBXBuildFile; productRef = 8F4262182AFD1AF1004E2936 /* FirebaseMessaging */; };
		8F42621B2AFD1AF1004E2936 /* FirebasePerformance in Frameworks */ = {isa = PBXBuildFile; productRef = 8F42621A2AFD1AF1004E2936 /* FirebasePerformance */; };
		8F42621D2AFD1AF1004E2936 /* FirebaseRemoteConfig in Frameworks */ = {isa = PBXBuildFile; productRef = 8F42621C2AFD1AF1004E2936 /* FirebaseRemoteConfig */; };
		8F42621F2AFD1AF1004E2936 /* FirebaseRemoteConfigSwift in Frameworks */ = {isa = PBXBuildFile; productRef = 8F42621E2AFD1AF1004E2936 /* FirebaseRemoteConfigSwift */; };
		8F4262212AFD1AF1004E2936 /* FirebaseStorage in Frameworks */ = {isa = PBXBuildFile; productRef = 8F4262202AFD1AF1004E2936 /* FirebaseStorage */; };
		8F4262232AFD1AF1004E2936 /* FirebaseStorageCombine-Community in Frameworks */ = {isa = PBXBuildFile; productRef = 8F4262222AFD1AF1004E2936 /* FirebaseStorageCombine-Community */; };
		8F4262252AFD25AC004E2936 /* JoinViewController.swift in Sources */ = {isa = PBXBuildFile; fileRef = 8F4262242AFD25AC004E2936 /* JoinViewController.swift */; };
		8F4262282AFD25CA004E2936 /* RxBlocking in Frameworks */ = {isa = PBXBuildFile; productRef = 8F4262272AFD25CA004E2936 /* RxBlocking */; };
		8F42622A2AFD25CA004E2936 /* RxBlocking-Dynamic in Frameworks */ = {isa = PBXBuildFile; productRef = 8F4262292AFD25CA004E2936 /* RxBlocking-Dynamic */; };
		8F42622C2AFD25CA004E2936 /* RxCocoa in Frameworks */ = {isa = PBXBuildFile; productRef = 8F42622B2AFD25CA004E2936 /* RxCocoa */; };
		8F42622E2AFD25CA004E2936 /* RxCocoa-Dynamic in Frameworks */ = {isa = PBXBuildFile; productRef = 8F42622D2AFD25CA004E2936 /* RxCocoa-Dynamic */; };
		8F4262302AFD25CA004E2936 /* RxRelay in Frameworks */ = {isa = PBXBuildFile; productRef = 8F42622F2AFD25CA004E2936 /* RxRelay */; };
		8F4262322AFD28C4004E2936 /* LoginViewcontroller.swift in Sources */ = {isa = PBXBuildFile; fileRef = 8F4262312AFD28C4004E2936 /* LoginViewcontroller.swift */; };
		8F70A3E32A13B32500C19B2E /* CustomAnnotation.swift in Sources */ = {isa = PBXBuildFile; fileRef = 8F70A3E22A13B32500C19B2E /* CustomAnnotation.swift */; };
		8F70A3E72A14D44E00C19B2E /* CompanyListTableViewCell.swift in Sources */ = {isa = PBXBuildFile; fileRef = 8F70A3E62A14D44E00C19B2E /* CompanyListTableViewCell.swift */; };
		8F70A3E92A16A43200C19B2E /* MyRequestDetailViewController.swift in Sources */ = {isa = PBXBuildFile; fileRef = 8F70A3E82A16A43200C19B2E /* MyRequestDetailViewController.swift */; };
		8F7FDFDB2A2B5AA700D56569 /* ChatListCell.swift in Sources */ = {isa = PBXBuildFile; fileRef = 8F7FDFDA2A2B5AA700D56569 /* ChatListCell.swift */; };
		8F7FDFDD2A2B7E3F00D56569 /* ChatCell.xib in Resources */ = {isa = PBXBuildFile; fileRef = 8F7FDFDC2A2B7E3F00D56569 /* ChatCell.xib */; };
		8F8E77692AFE714E001BDB9A /* SOYO Maple Regular.otf in Resources */ = {isa = PBXBuildFile; fileRef = 8F8E77672AFE714E001BDB9A /* SOYO Maple Regular.otf */; };
		8F8E776A2AFE714E001BDB9A /* SOYO Maple Bold.otf in Resources */ = {isa = PBXBuildFile; fileRef = 8F8E77682AFE714E001BDB9A /* SOYO Maple Bold.otf */; };
		8F97513629D9E82A00B6A0BE /* LaunchScreenViewController.swift in Sources */ = {isa = PBXBuildFile; fileRef = 8F97513529D9E82A00B6A0BE /* LaunchScreenViewController.swift */; };
		8F97513829D9E88300B6A0BE /* DeviceConfig.swift in Sources */ = {isa = PBXBuildFile; fileRef = 8F97513729D9E88300B6A0BE /* DeviceConfig.swift */; };
		8F9C762D29FFA84C00EC9478 /* FreeBoardTableViewCell.swift in Sources */ = {isa = PBXBuildFile; fileRef = 8F9C762B29FFA84C00EC9478 /* FreeBoardTableViewCell.swift */; };
		8FADDF6E2A0128BA00B2172A /* RequestViewController.swift in Sources */ = {isa = PBXBuildFile; fileRef = 8FADDF6D2A0128BA00B2172A /* RequestViewController.swift */; };
		8FE5DC9029E3DE1B008CCE25 /* GoogleService-Info.plist in Resources */ = {isa = PBXBuildFile; fileRef = 8FE5DC8F29E3DE1B008CCE25 /* GoogleService-Info.plist */; };
		8FE5DC9229E3F94C008CCE25 /* MyInformationViewController.swift in Sources */ = {isa = PBXBuildFile; fileRef = 8FE5DC9129E3F94C008CCE25 /* MyInformationViewController.swift */; };
		8FE5DC9629E42581008CCE25 /* Splash.storyboard in Resources */ = {isa = PBXBuildFile; fileRef = 8FE5DC9529E42581008CCE25 /* Splash.storyboard */; };
		8FE60F462A10E8B10069B2E5 /* FreeboardDetailViewController.swift in Sources */ = {isa = PBXBuildFile; fileRef = 8FE60F452A10E8B10069B2E5 /* FreeboardDetailViewController.swift */; };
		8FE60F482A10EF820069B2E5 /* MyRequestListCell.swift in Sources */ = {isa = PBXBuildFile; fileRef = 8FE60F472A10EF820069B2E5 /* MyRequestListCell.swift */; };
		8FF91FFA29CDA84B000C2AD1 /* AppDelegate.swift in Sources */ = {isa = PBXBuildFile; fileRef = 8FF91FF929CDA84B000C2AD1 /* AppDelegate.swift */; };
		8FF91FFC29CDA84B000C2AD1 /* SceneDelegate.swift in Sources */ = {isa = PBXBuildFile; fileRef = 8FF91FFB29CDA84B000C2AD1 /* SceneDelegate.swift */; };
		8FF9200129CDA84B000C2AD1 /* Main.storyboard in Resources */ = {isa = PBXBuildFile; fileRef = 8FF91FFF29CDA84B000C2AD1 /* Main.storyboard */; };
		8FF9200329CDA84C000C2AD1 /* Assets.xcassets in Resources */ = {isa = PBXBuildFile; fileRef = 8FF9200229CDA84C000C2AD1 /* Assets.xcassets */; };
		8FF9200629CDA84C000C2AD1 /* LaunchScreen.storyboard in Resources */ = {isa = PBXBuildFile; fileRef = 8FF9200429CDA84C000C2AD1 /* LaunchScreen.storyboard */; };
		8FF9200E29CDA96A000C2AD1 /* MapViewController.swift in Sources */ = {isa = PBXBuildFile; fileRef = 8FF9200D29CDA96A000C2AD1 /* MapViewController.swift */; };
/* End PBXBuildFile section */

/* Begin PBXFileReference section */
		8F09DED22A28545B00B04CC4 /* ChatListViewController.swift */ = {isa = PBXFileReference; lastKnownFileType = sourcecode.swift; path = ChatListViewController.swift; sourceTree = "<group>"; };
		8F09DED42A28546A00B04CC4 /* ChatViewController.swift */ = {isa = PBXFileReference; lastKnownFileType = sourcecode.swift; path = ChatViewController.swift; sourceTree = "<group>"; };
		8F09DED62A28547700B04CC4 /* ChatCell.swift */ = {isa = PBXFileReference; lastKnownFileType = sourcecode.swift; path = ChatCell.swift; sourceTree = "<group>"; };
		8F09DED92A28696C00B04CC4 /* FreeboardCommentCell.swift */ = {isa = PBXFileReference; lastKnownFileType = sourcecode.swift; path = FreeboardCommentCell.swift; sourceTree = "<group>"; };
		8F0A690529E084C000E1ED2B /* weatherInformation.swift */ = {isa = PBXFileReference; lastKnownFileType = sourcecode.swift; path = weatherInformation.swift; sourceTree = "<group>"; };
		8F0A690729E084F500E1ED2B /* MainViewController.swift */ = {isa = PBXFileReference; lastKnownFileType = sourcecode.swift; path = MainViewController.swift; sourceTree = "<group>"; };
		8F0A690929E0856300E1ED2B /* ErrorMessage.swift */ = {isa = PBXFileReference; lastKnownFileType = sourcecode.swift; path = ErrorMessage.swift; sourceTree = "<group>"; };
		8F0A692B29E1B4DF00E1ED2B /* BannerInfo.swift */ = {isa = PBXFileReference; lastKnownFileType = sourcecode.swift; path = BannerInfo.swift; sourceTree = "<group>"; };
		8F0A692D29E1B54000E1ED2B /* BannerCell.swift */ = {isa = PBXFileReference; lastKnownFileType = sourcecode.swift; path = BannerCell.swift; sourceTree = "<group>"; };
		8F23D7AC2A02BF1500005174 /* FreeBoardViewController.swift */ = {isa = PBXFileReference; lastKnownFileType = sourcecode.swift; path = FreeBoardViewController.swift; sourceTree = "<group>"; };
		8F23D7B12A02C6E400005174 /* FreeBoardWriteViewController.swift */ = {isa = PBXFileReference; lastKnownFileType = sourcecode.swift; path = FreeBoardWriteViewController.swift; sourceTree = "<group>"; };
		8F4262242AFD25AC004E2936 /* JoinViewController.swift */ = {isa = PBXFileReference; lastKnownFileType = sourcecode.swift; path = JoinViewController.swift; sourceTree = "<group>"; };
		8F4262312AFD28C4004E2936 /* LoginViewcontroller.swift */ = {isa = PBXFileReference; lastKnownFileType = sourcecode.swift; path = LoginViewcontroller.swift; sourceTree = "<group>"; };
		8F70A3E22A13B32500C19B2E /* CustomAnnotation.swift */ = {isa = PBXFileReference; lastKnownFileType = sourcecode.swift; path = CustomAnnotation.swift; sourceTree = "<group>"; };
		8F70A3E62A14D44E00C19B2E /* CompanyListTableViewCell.swift */ = {isa = PBXFileReference; lastKnownFileType = sourcecode.swift; path = CompanyListTableViewCell.swift; sourceTree = "<group>"; };
		8F70A3E82A16A43200C19B2E /* MyRequestDetailViewController.swift */ = {isa = PBXFileReference; lastKnownFileType = sourcecode.swift; path = MyRequestDetailViewController.swift; sourceTree = "<group>"; };
		8F7FDFDA2A2B5AA700D56569 /* ChatListCell.swift */ = {isa = PBXFileReference; lastKnownFileType = sourcecode.swift; path = ChatListCell.swift; sourceTree = "<group>"; };
		8F7FDFDC2A2B7E3F00D56569 /* ChatCell.xib */ = {isa = PBXFileReference; lastKnownFileType = file.xib; path = ChatCell.xib; sourceTree = "<group>"; };
		8F8E77672AFE714E001BDB9A /* SOYO Maple Regular.otf */ = {isa = PBXFileReference; lastKnownFileType = file; path = "SOYO Maple Regular.otf"; sourceTree = "<group>"; };
		8F8E77682AFE714E001BDB9A /* SOYO Maple Bold.otf */ = {isa = PBXFileReference; lastKnownFileType = file; path = "SOYO Maple Bold.otf"; sourceTree = "<group>"; };
		8F97513529D9E82A00B6A0BE /* LaunchScreenViewController.swift */ = {isa = PBXFileReference; lastKnownFileType = sourcecode.swift; path = LaunchScreenViewController.swift; sourceTree = "<group>"; };
		8F97513729D9E88300B6A0BE /* DeviceConfig.swift */ = {isa = PBXFileReference; lastKnownFileType = sourcecode.swift; path = DeviceConfig.swift; sourceTree = "<group>"; };
		8F9C762B29FFA84C00EC9478 /* FreeBoardTableViewCell.swift */ = {isa = PBXFileReference; lastKnownFileType = sourcecode.swift; path = FreeBoardTableViewCell.swift; sourceTree = "<group>"; };
		8FADDF6D2A0128BA00B2172A /* RequestViewController.swift */ = {isa = PBXFileReference; lastKnownFileType = sourcecode.swift; path = RequestViewController.swift; sourceTree = "<group>"; };
		8FE5DC8F29E3DE1B008CCE25 /* GoogleService-Info.plist */ = {isa = PBXFileReference; fileEncoding = 4; lastKnownFileType = text.plist.xml; name = "GoogleService-Info.plist"; path = "../../../Downloads/GoogleService-Info.plist"; sourceTree = "<group>"; };
		8FE5DC9129E3F94C008CCE25 /* MyInformationViewController.swift */ = {isa = PBXFileReference; lastKnownFileType = sourcecode.swift; path = MyInformationViewController.swift; sourceTree = "<group>"; };
		8FE5DC9529E42581008CCE25 /* Splash.storyboard */ = {isa = PBXFileReference; lastKnownFileType = file.storyboard; path = Splash.storyboard; sourceTree = "<group>"; };
		8FE60F452A10E8B10069B2E5 /* FreeboardDetailViewController.swift */ = {isa = PBXFileReference; lastKnownFileType = sourcecode.swift; path = FreeboardDetailViewController.swift; sourceTree = "<group>"; };
		8FE60F472A10EF820069B2E5 /* MyRequestListCell.swift */ = {isa = PBXFileReference; lastKnownFileType = sourcecode.swift; path = MyRequestListCell.swift; sourceTree = "<group>"; };
		8FF91FF629CDA84B000C2AD1 /* 2023_Graduate_Project.app */ = {isa = PBXFileReference; explicitFileType = wrapper.application; includeInIndex = 0; path = 2023_Graduate_Project.app; sourceTree = BUILT_PRODUCTS_DIR; };
		8FF91FF929CDA84B000C2AD1 /* AppDelegate.swift */ = {isa = PBXFileReference; lastKnownFileType = sourcecode.swift; path = AppDelegate.swift; sourceTree = "<group>"; };
		8FF91FFB29CDA84B000C2AD1 /* SceneDelegate.swift */ = {isa = PBXFileReference; lastKnownFileType = sourcecode.swift; path = SceneDelegate.swift; sourceTree = "<group>"; };
		8FF9200029CDA84B000C2AD1 /* Base */ = {isa = PBXFileReference; lastKnownFileType = file.storyboard; name = Base; path = Base.lproj/Main.storyboard; sourceTree = "<group>"; };
		8FF9200229CDA84C000C2AD1 /* Assets.xcassets */ = {isa = PBXFileReference; lastKnownFileType = folder.assetcatalog; path = Assets.xcassets; sourceTree = "<group>"; };
		8FF9200529CDA84C000C2AD1 /* Base */ = {isa = PBXFileReference; lastKnownFileType = file.storyboard; name = Base; path = Base.lproj/LaunchScreen.storyboard; sourceTree = "<group>"; };
		8FF9200729CDA84C000C2AD1 /* Info.plist */ = {isa = PBXFileReference; lastKnownFileType = text.plist.xml; path = Info.plist; sourceTree = "<group>"; };
		8FF9200D29CDA96A000C2AD1 /* MapViewController.swift */ = {isa = PBXFileReference; lastKnownFileType = sourcecode.swift; path = MapViewController.swift; sourceTree = "<group>"; };
/* End PBXFileReference section */

/* Begin PBXFrameworksBuildPhase section */
		8FF91FF329CDA84B000C2AD1 /* Frameworks */ = {
			isa = PBXFrameworksBuildPhase;
			buildActionMask = 2147483647;
			files = (
				8F4262012AFD1AF1004E2936 /* FirebaseDatabase in Frameworks */,
				8F42620F2AFD1AF1004E2936 /* FirebaseFunctionsCombine-Community in Frameworks */,
				8F4262072AFD1AF1004E2936 /* FirebaseFirestore in Frameworks */,
				8F4261F32AFD1AF1004E2936 /* FirebaseAnalyticsSwift in Frameworks */,
				8F4261EF2AFD1AF1004E2936 /* FirebaseAnalytics in Frameworks */,
				8F4261F12AFD1AF1004E2936 /* FirebaseAnalyticsOnDeviceConversion in Frameworks */,
				8F4262172AFD1AF1004E2936 /* FirebaseMLModelDownloader in Frameworks */,
				8F42620B2AFD1AF1004E2936 /* FirebaseFirestoreSwift in Frameworks */,
				8F4261F72AFD1AF1004E2936 /* FirebaseAppCheck in Frameworks */,
				8F4261F52AFD1AF1004E2936 /* FirebaseAnalyticsWithoutAdIdSupport in Frameworks */,
				8F4261FB2AFD1AF1004E2936 /* FirebaseAuth in Frameworks */,
				8F4261FF2AFD1AF1004E2936 /* FirebaseCrashlytics in Frameworks */,
				8F42622C2AFD25CA004E2936 /* RxCocoa in Frameworks */,
				8F42621F2AFD1AF1004E2936 /* FirebaseRemoteConfigSwift in Frameworks */,
				8F4262302AFD25CA004E2936 /* RxRelay in Frameworks */,
				8F4262282AFD25CA004E2936 /* RxBlocking in Frameworks */,
				8F4262112AFD1AF1004E2936 /* FirebaseInAppMessaging-Beta in Frameworks */,
				8F4262032AFD1AF1004E2936 /* FirebaseDatabaseSwift in Frameworks */,
				8F42620D2AFD1AF1004E2936 /* FirebaseFunctions in Frameworks */,
				8F4262232AFD1AF1004E2936 /* FirebaseStorageCombine-Community in Frameworks */,
				8F42621D2AFD1AF1004E2936 /* FirebaseRemoteConfig in Frameworks */,
				8F4261F92AFD1AF1004E2936 /* FirebaseAppDistribution-Beta in Frameworks */,
				8F4261FD2AFD1AF1004E2936 /* FirebaseAuthCombine-Community in Frameworks */,
				8F42621B2AFD1AF1004E2936 /* FirebasePerformance in Frameworks */,
				8F4262132AFD1AF1004E2936 /* FirebaseInAppMessagingSwift-Beta in Frameworks */,
				8F4262212AFD1AF1004E2936 /* FirebaseStorage in Frameworks */,
				8F42622E2AFD25CA004E2936 /* RxCocoa-Dynamic in Frameworks */,
				8F4262052AFD1AF1004E2936 /* FirebaseDynamicLinks in Frameworks */,
				8F42622A2AFD25CA004E2936 /* RxBlocking-Dynamic in Frameworks */,
				8F4262092AFD1AF1004E2936 /* FirebaseFirestoreCombine-Community in Frameworks */,
				8F4262192AFD1AF1004E2936 /* FirebaseMessaging in Frameworks */,
				8F4262152AFD1AF1004E2936 /* FirebaseInstallations in Frameworks */,
			);
			runOnlyForDeploymentPostprocessing = 0;
		};
/* End PBXFrameworksBuildPhase section */

/* Begin PBXGroup section */
		8F09DECE2A2853CA00B04CC4 /* Cell */ = {
			isa = PBXGroup;
			children = (
				8F0A692D29E1B54000E1ED2B /* BannerCell.swift */,
				8FE60F472A10EF820069B2E5 /* MyRequestListCell.swift */,
				8F70A3E62A14D44E00C19B2E /* CompanyListTableViewCell.swift */,
				8F09DED62A28547700B04CC4 /* ChatCell.swift */,
				8F7FDFDC2A2B7E3F00D56569 /* ChatCell.xib */,
				8F7FDFDA2A2B5AA700D56569 /* ChatListCell.swift */,
				8F09DED92A28696C00B04CC4 /* FreeboardCommentCell.swift */,
			);
			path = Cell;
			sourceTree = "<group>";
		};
		8F09DECF2A2853D700B04CC4 /* Error */ = {
			isa = PBXGroup;
			children = (
				8F0A690929E0856300E1ED2B /* ErrorMessage.swift */,
			);
			path = Error;
			sourceTree = "<group>";
		};
		8F23D7AE2A02BF7E00005174 /* Model */ = {
			isa = PBXGroup;
			children = (
				8F09DECF2A2853D700B04CC4 /* Error */,
				8F09DECE2A2853CA00B04CC4 /* Cell */,
				8F0A690529E084C000E1ED2B /* weatherInformation.swift */,
				8F97513729D9E88300B6A0BE /* DeviceConfig.swift */,
				8F9C762B29FFA84C00EC9478 /* FreeBoardTableViewCell.swift */,
				8F0A692B29E1B4DF00E1ED2B /* BannerInfo.swift */,
				8F70A3E22A13B32500C19B2E /* CustomAnnotation.swift */,
			);
			path = Model;
			sourceTree = "<group>";
		};
		8F23D7AF2A02BF8900005174 /* View */ = {
			isa = PBXGroup;
			children = (
				8FF91FFF29CDA84B000C2AD1 /* Main.storyboard */,
				8FF9200429CDA84C000C2AD1 /* LaunchScreen.storyboard */,
				8FE5DC9529E42581008CCE25 /* Splash.storyboard */,
			);
			path = View;
			sourceTree = "<group>";
		};
		8F23D7B02A02BF9600005174 /* Controller */ = {
			isa = PBXGroup;
			children = (
				8F09DED22A28545B00B04CC4 /* ChatListViewController.swift */,
				8F09DED42A28546A00B04CC4 /* ChatViewController.swift */,
				8FADDF6D2A0128BA00B2172A /* RequestViewController.swift */,
				8FF9200D29CDA96A000C2AD1 /* MapViewController.swift */,
				8FE5DC9129E3F94C008CCE25 /* MyInformationViewController.swift */,
				8F70A3E82A16A43200C19B2E /* MyRequestDetailViewController.swift */,
				8F0A690729E084F500E1ED2B /* MainViewController.swift */,
				8F97513529D9E82A00B6A0BE /* LaunchScreenViewController.swift */,
				8F23D7AC2A02BF1500005174 /* FreeBoardViewController.swift */,
				8F23D7B12A02C6E400005174 /* FreeBoardWriteViewController.swift */,
				8FE60F452A10E8B10069B2E5 /* FreeboardDetailViewController.swift */,
				8F4262242AFD25AC004E2936 /* JoinViewController.swift */,
				8F4262312AFD28C4004E2936 /* LoginViewcontroller.swift */,
			);
			path = Controller;
			sourceTree = "<group>";
		};
		8F8E77662AFE70F6001BDB9A /* Font */ = {
			isa = PBXGroup;
			children = (
				8F8E77682AFE714E001BDB9A /* SOYO Maple Bold.otf */,
				8F8E77672AFE714E001BDB9A /* SOYO Maple Regular.otf */,
			);
			path = Font;
			sourceTree = "<group>";
		};
		8FF91FED29CDA84B000C2AD1 = {
			isa = PBXGroup;
			children = (
				8FF91FF829CDA84B000C2AD1 /* 2023_Graduate_Project */,
				8FF91FF729CDA84B000C2AD1 /* Products */,
			);
			sourceTree = "<group>";
		};
		8FF91FF729CDA84B000C2AD1 /* Products */ = {
			isa = PBXGroup;
			children = (
				8FF91FF629CDA84B000C2AD1 /* 2023_Graduate_Project.app */,
			);
			name = Products;
			sourceTree = "<group>";
		};
		8FF91FF829CDA84B000C2AD1 /* 2023_Graduate_Project */ = {
			isa = PBXGroup;
			children = (
				8F8E77662AFE70F6001BDB9A /* Font */,
				8FF91FFB29CDA84B000C2AD1 /* SceneDelegate.swift */,
				8FF91FF929CDA84B000C2AD1 /* AppDelegate.swift */,
				8F23D7AE2A02BF7E00005174 /* Model */,
				8F23D7AF2A02BF8900005174 /* View */,
				8F23D7B02A02BF9600005174 /* Controller */,
				8FF9200229CDA84C000C2AD1 /* Assets.xcassets */,
				8FF9200729CDA84C000C2AD1 /* Info.plist */,
				8FE5DC8F29E3DE1B008CCE25 /* GoogleService-Info.plist */,
			);
			path = 2023_Graduate_Project;
			sourceTree = "<group>";
		};
/* End PBXGroup section */

/* Begin PBXNativeTarget section */
		8FF91FF529CDA84B000C2AD1 /* 2023_Graduate_Project */ = {
			isa = PBXNativeTarget;
			buildConfigurationList = 8FF9200A29CDA84C000C2AD1 /* Build configuration list for PBXNativeTarget "2023_Graduate_Project" */;
			buildPhases = (
				8FF91FF229CDA84B000C2AD1 /* Sources */,
				8FF91FF329CDA84B000C2AD1 /* Frameworks */,
				8FF91FF429CDA84B000C2AD1 /* Resources */,
			);
			buildRules = (
			);
			dependencies = (
			);
			name = 2023_Graduate_Project;
			packageProductDependencies = (
				8F4261EE2AFD1AF1004E2936 /* FirebaseAnalytics */,
				8F4261F02AFD1AF1004E2936 /* FirebaseAnalyticsOnDeviceConversion */,
				8F4261F22AFD1AF1004E2936 /* FirebaseAnalyticsSwift */,
				8F4261F42AFD1AF1004E2936 /* FirebaseAnalyticsWithoutAdIdSupport */,
				8F4261F62AFD1AF1004E2936 /* FirebaseAppCheck */,
				8F4261F82AFD1AF1004E2936 /* FirebaseAppDistribution-Beta */,
				8F4261FA2AFD1AF1004E2936 /* FirebaseAuth */,
				8F4261FC2AFD1AF1004E2936 /* FirebaseAuthCombine-Community */,
				8F4261FE2AFD1AF1004E2936 /* FirebaseCrashlytics */,
				8F4262002AFD1AF1004E2936 /* FirebaseDatabase */,
				8F4262022AFD1AF1004E2936 /* FirebaseDatabaseSwift */,
				8F4262042AFD1AF1004E2936 /* FirebaseDynamicLinks */,
				8F4262062AFD1AF1004E2936 /* FirebaseFirestore */,
				8F4262082AFD1AF1004E2936 /* FirebaseFirestoreCombine-Community */,
				8F42620A2AFD1AF1004E2936 /* FirebaseFirestoreSwift */,
				8F42620C2AFD1AF1004E2936 /* FirebaseFunctions */,
				8F42620E2AFD1AF1004E2936 /* FirebaseFunctionsCombine-Community */,
				8F4262102AFD1AF1004E2936 /* FirebaseInAppMessaging-Beta */,
				8F4262122AFD1AF1004E2936 /* FirebaseInAppMessagingSwift-Beta */,
				8F4262142AFD1AF1004E2936 /* FirebaseInstallations */,
				8F4262162AFD1AF1004E2936 /* FirebaseMLModelDownloader */,
				8F4262182AFD1AF1004E2936 /* FirebaseMessaging */,
				8F42621A2AFD1AF1004E2936 /* FirebasePerformance */,
				8F42621C2AFD1AF1004E2936 /* FirebaseRemoteConfig */,
				8F42621E2AFD1AF1004E2936 /* FirebaseRemoteConfigSwift */,
				8F4262202AFD1AF1004E2936 /* FirebaseStorage */,
				8F4262222AFD1AF1004E2936 /* FirebaseStorageCombine-Community */,
				8F4262272AFD25CA004E2936 /* RxBlocking */,
				8F4262292AFD25CA004E2936 /* RxBlocking-Dynamic */,
				8F42622B2AFD25CA004E2936 /* RxCocoa */,
				8F42622D2AFD25CA004E2936 /* RxCocoa-Dynamic */,
				8F42622F2AFD25CA004E2936 /* RxRelay */,
			);
			productName = 2023_Graduate_Project;
			productReference = 8FF91FF629CDA84B000C2AD1 /* 2023_Graduate_Project.app */;
			productType = "com.apple.product-type.application";
		};
/* End PBXNativeTarget section */

/* Begin PBXProject section */
		8FF91FEE29CDA84B000C2AD1 /* Project object */ = {
			isa = PBXProject;
			attributes = {
				BuildIndependentTargetsInParallel = 1;
				LastSwiftUpdateCheck = 1420;
				LastUpgradeCheck = 1420;
				TargetAttributes = {
					8FF91FF529CDA84B000C2AD1 = {
						CreatedOnToolsVersion = 14.2;
					};
				};
			};
			buildConfigurationList = 8FF91FF129CDA84B000C2AD1 /* Build configuration list for PBXProject "2023_Graduate_Project" */;
			compatibilityVersion = "Xcode 14.0";
			developmentRegion = en;
			hasScannedForEncodings = 0;
			knownRegions = (
				en,
				Base,
			);
			mainGroup = 8FF91FED29CDA84B000C2AD1;
			packageReferences = (
				8F4261ED2AFD1AF1004E2936 /* XCRemoteSwiftPackageReference "firebase-ios-sdk" */,
				8F4262262AFD25CA004E2936 /* XCRemoteSwiftPackageReference "RxSwift" */,
			);
			productRefGroup = 8FF91FF729CDA84B000C2AD1 /* Products */;
			projectDirPath = "";
			projectRoot = "";
			targets = (
				8FF91FF529CDA84B000C2AD1 /* 2023_Graduate_Project */,
			);
		};
/* End PBXProject section */

/* Begin PBXResourcesBuildPhase section */
		8FF91FF429CDA84B000C2AD1 /* Resources */ = {
			isa = PBXResourcesBuildPhase;
			buildActionMask = 2147483647;
			files = (
				8FF9200629CDA84C000C2AD1 /* LaunchScreen.storyboard in Resources */,
				8F7FDFDD2A2B7E3F00D56569 /* ChatCell.xib in Resources */,
				8FE5DC9029E3DE1B008CCE25 /* GoogleService-Info.plist in Resources */,
				8F8E77692AFE714E001BDB9A /* SOYO Maple Regular.otf in Resources */,
				8F8E776A2AFE714E001BDB9A /* SOYO Maple Bold.otf in Resources */,
				8FF9200329CDA84C000C2AD1 /* Assets.xcassets in Resources */,
				8FE5DC9629E42581008CCE25 /* Splash.storyboard in Resources */,
				8FF9200129CDA84B000C2AD1 /* Main.storyboard in Resources */,
			);
			runOnlyForDeploymentPostprocessing = 0;
		};
/* End PBXResourcesBuildPhase section */

/* Begin PBXSourcesBuildPhase section */
		8FF91FF229CDA84B000C2AD1 /* Sources */ = {
			isa = PBXSourcesBuildPhase;
			buildActionMask = 2147483647;
			files = (
				8F0A690829E084F500E1ED2B /* MainViewController.swift in Sources */,
				8F70A3E72A14D44E00C19B2E /* CompanyListTableViewCell.swift in Sources */,
				8F23D7AD2A02BF1500005174 /* FreeBoardViewController.swift in Sources */,
				8F09DED72A28547700B04CC4 /* ChatCell.swift in Sources */,
				8F09DEDA2A28696C00B04CC4 /* FreeboardCommentCell.swift in Sources */,
				8F0A692E29E1B54100E1ED2B /* BannerCell.swift in Sources */,
				8F4262252AFD25AC004E2936 /* JoinViewController.swift in Sources */,
				8FADDF6E2A0128BA00B2172A /* RequestViewController.swift in Sources */,
				8F09DED32A28545B00B04CC4 /* ChatListViewController.swift in Sources */,
				8F23D7B22A02C6E400005174 /* FreeBoardWriteViewController.swift in Sources */,
				8F0A692C29E1B4DF00E1ED2B /* BannerInfo.swift in Sources */,
				8FF91FFA29CDA84B000C2AD1 /* AppDelegate.swift in Sources */,
				8F70A3E32A13B32500C19B2E /* CustomAnnotation.swift in Sources */,
				8F09DED52A28546A00B04CC4 /* ChatViewController.swift in Sources */,
				8FE60F462A10E8B10069B2E5 /* FreeboardDetailViewController.swift in Sources */,
				8F97513829D9E88300B6A0BE /* DeviceConfig.swift in Sources */,
				8FF91FFC29CDA84B000C2AD1 /* SceneDelegate.swift in Sources */,
				8F70A3E92A16A43200C19B2E /* MyRequestDetailViewController.swift in Sources */,
				8F4262322AFD28C4004E2936 /* LoginViewcontroller.swift in Sources */,
				8F9C762D29FFA84C00EC9478 /* FreeBoardTableViewCell.swift in Sources */,
				8F0A690A29E0856300E1ED2B /* ErrorMessage.swift in Sources */,
				8F0A690629E084C000E1ED2B /* weatherInformation.swift in Sources */,
				8F7FDFDB2A2B5AA700D56569 /* ChatListCell.swift in Sources */,
				8FE5DC9229E3F94C008CCE25 /* MyInformationViewController.swift in Sources */,
				8F97513629D9E82A00B6A0BE /* LaunchScreenViewController.swift in Sources */,
				8FF9200E29CDA96A000C2AD1 /* MapViewController.swift in Sources */,
				8FE60F482A10EF820069B2E5 /* MyRequestListCell.swift in Sources */,
			);
			runOnlyForDeploymentPostprocessing = 0;
		};
/* End PBXSourcesBuildPhase section */

/* Begin PBXVariantGroup section */
		8FF91FFF29CDA84B000C2AD1 /* Main.storyboard */ = {
			isa = PBXVariantGroup;
			children = (
				8FF9200029CDA84B000C2AD1 /* Base */,
			);
			name = Main.storyboard;
			sourceTree = "<group>";
		};
		8FF9200429CDA84C000C2AD1 /* LaunchScreen.storyboard */ = {
			isa = PBXVariantGroup;
			children = (
				8FF9200529CDA84C000C2AD1 /* Base */,
			);
			name = LaunchScreen.storyboard;
			sourceTree = "<group>";
		};
/* End PBXVariantGroup section */

/* Begin XCBuildConfiguration section */
		8FF9200829CDA84C000C2AD1 /* Debug */ = {
			isa = XCBuildConfiguration;
			buildSettings = {
				ALWAYS_SEARCH_USER_PATHS = NO;
				CLANG_ANALYZER_NONNULL = YES;
				CLANG_ANALYZER_NUMBER_OBJECT_CONVERSION = YES_AGGRESSIVE;
				CLANG_CXX_LANGUAGE_STANDARD = "gnu++20";
				CLANG_ENABLE_MODULES = YES;
				CLANG_ENABLE_OBJC_ARC = YES;
				CLANG_ENABLE_OBJC_WEAK = YES;
				CLANG_WARN_BLOCK_CAPTURE_AUTORELEASING = YES;
				CLANG_WARN_BOOL_CONVERSION = YES;
				CLANG_WARN_COMMA = YES;
				CLANG_WARN_CONSTANT_CONVERSION = YES;
				CLANG_WARN_DEPRECATED_OBJC_IMPLEMENTATIONS = YES;
				CLANG_WARN_DIRECT_OBJC_ISA_USAGE = YES_ERROR;
				CLANG_WARN_DOCUMENTATION_COMMENTS = YES;
				CLANG_WARN_EMPTY_BODY = YES;
				CLANG_WARN_ENUM_CONVERSION = YES;
				CLANG_WARN_INFINITE_RECURSION = YES;
				CLANG_WARN_INT_CONVERSION = YES;
				CLANG_WARN_NON_LITERAL_NULL_CONVERSION = YES;
				CLANG_WARN_OBJC_IMPLICIT_RETAIN_SELF = YES;
				CLANG_WARN_OBJC_LITERAL_CONVERSION = YES;
				CLANG_WARN_OBJC_ROOT_CLASS = YES_ERROR;
				CLANG_WARN_QUOTED_INCLUDE_IN_FRAMEWORK_HEADER = YES;
				CLANG_WARN_RANGE_LOOP_ANALYSIS = YES;
				CLANG_WARN_STRICT_PROTOTYPES = YES;
				CLANG_WARN_SUSPICIOUS_MOVE = YES;
				CLANG_WARN_UNGUARDED_AVAILABILITY = YES_AGGRESSIVE;
				CLANG_WARN_UNREACHABLE_CODE = YES;
				CLANG_WARN__DUPLICATE_METHOD_MATCH = YES;
				COPY_PHASE_STRIP = NO;
				DEBUG_INFORMATION_FORMAT = dwarf;
				ENABLE_STRICT_OBJC_MSGSEND = YES;
				ENABLE_TESTABILITY = YES;
				GCC_C_LANGUAGE_STANDARD = gnu11;
				GCC_DYNAMIC_NO_PIC = NO;
				GCC_NO_COMMON_BLOCKS = YES;
				GCC_OPTIMIZATION_LEVEL = 0;
				GCC_PREPROCESSOR_DEFINITIONS = (
					"DEBUG=1",
					"$(inherited)",
				);
				GCC_WARN_64_TO_32_BIT_CONVERSION = YES;
				GCC_WARN_ABOUT_RETURN_TYPE = YES_ERROR;
				GCC_WARN_UNDECLARED_SELECTOR = YES;
				GCC_WARN_UNINITIALIZED_AUTOS = YES_AGGRESSIVE;
				GCC_WARN_UNUSED_FUNCTION = YES;
				GCC_WARN_UNUSED_VARIABLE = YES;
				IPHONEOS_DEPLOYMENT_TARGET = 16.2;
				MTL_ENABLE_DEBUG_INFO = INCLUDE_SOURCE;
				MTL_FAST_MATH = YES;
				ONLY_ACTIVE_ARCH = YES;
				SDKROOT = iphoneos;
				SWIFT_ACTIVE_COMPILATION_CONDITIONS = DEBUG;
				SWIFT_OPTIMIZATION_LEVEL = "-Onone";
			};
			name = Debug;
		};
		8FF9200929CDA84C000C2AD1 /* Release */ = {
			isa = XCBuildConfiguration;
			buildSettings = {
				ALWAYS_SEARCH_USER_PATHS = NO;
				CLANG_ANALYZER_NONNULL = YES;
				CLANG_ANALYZER_NUMBER_OBJECT_CONVERSION = YES_AGGRESSIVE;
				CLANG_CXX_LANGUAGE_STANDARD = "gnu++20";
				CLANG_ENABLE_MODULES = YES;
				CLANG_ENABLE_OBJC_ARC = YES;
				CLANG_ENABLE_OBJC_WEAK = YES;
				CLANG_WARN_BLOCK_CAPTURE_AUTORELEASING = YES;
				CLANG_WARN_BOOL_CONVERSION = YES;
				CLANG_WARN_COMMA = YES;
				CLANG_WARN_CONSTANT_CONVERSION = YES;
				CLANG_WARN_DEPRECATED_OBJC_IMPLEMENTATIONS = YES;
				CLANG_WARN_DIRECT_OBJC_ISA_USAGE = YES_ERROR;
				CLANG_WARN_DOCUMENTATION_COMMENTS = YES;
				CLANG_WARN_EMPTY_BODY = YES;
				CLANG_WARN_ENUM_CONVERSION = YES;
				CLANG_WARN_INFINITE_RECURSION = YES;
				CLANG_WARN_INT_CONVERSION = YES;
				CLANG_WARN_NON_LITERAL_NULL_CONVERSION = YES;
				CLANG_WARN_OBJC_IMPLICIT_RETAIN_SELF = YES;
				CLANG_WARN_OBJC_LITERAL_CONVERSION = YES;
				CLANG_WARN_OBJC_ROOT_CLASS = YES_ERROR;
				CLANG_WARN_QUOTED_INCLUDE_IN_FRAMEWORK_HEADER = YES;
				CLANG_WARN_RANGE_LOOP_ANALYSIS = YES;
				CLANG_WARN_STRICT_PROTOTYPES = YES;
				CLANG_WARN_SUSPICIOUS_MOVE = YES;
				CLANG_WARN_UNGUARDED_AVAILABILITY = YES_AGGRESSIVE;
				CLANG_WARN_UNREACHABLE_CODE = YES;
				CLANG_WARN__DUPLICATE_METHOD_MATCH = YES;
				COPY_PHASE_STRIP = NO;
				DEBUG_INFORMATION_FORMAT = "dwarf-with-dsym";
				ENABLE_NS_ASSERTIONS = NO;
				ENABLE_STRICT_OBJC_MSGSEND = YES;
				GCC_C_LANGUAGE_STANDARD = gnu11;
				GCC_NO_COMMON_BLOCKS = YES;
				GCC_WARN_64_TO_32_BIT_CONVERSION = YES;
				GCC_WARN_ABOUT_RETURN_TYPE = YES_ERROR;
				GCC_WARN_UNDECLARED_SELECTOR = YES;
				GCC_WARN_UNINITIALIZED_AUTOS = YES_AGGRESSIVE;
				GCC_WARN_UNUSED_FUNCTION = YES;
				GCC_WARN_UNUSED_VARIABLE = YES;
				IPHONEOS_DEPLOYMENT_TARGET = 16.2;
				MTL_ENABLE_DEBUG_INFO = NO;
				MTL_FAST_MATH = YES;
				SDKROOT = iphoneos;
				SWIFT_COMPILATION_MODE = wholemodule;
				SWIFT_OPTIMIZATION_LEVEL = "-O";
				VALIDATE_PRODUCT = YES;
			};
			name = Release;
		};
		8FF9200B29CDA84C000C2AD1 /* Debug */ = {
			isa = XCBuildConfiguration;
			buildSettings = {
				ASSETCATALOG_COMPILER_APPICON_NAME = AppIcon;
				ASSETCATALOG_COMPILER_GLOBAL_ACCENT_COLOR_NAME = AccentColor;
				CODE_SIGN_STYLE = Automatic;
				CURRENT_PROJECT_VERSION = 1;
				DEVELOPMENT_TEAM = H5CH2SK77M;
				GENERATE_INFOPLIST_FILE = YES;
				INFOPLIST_FILE = 2023_Graduate_Project/Info.plist;
				INFOPLIST_KEY_UIApplicationSupportsIndirectInputEvents = YES;
				INFOPLIST_KEY_UILaunchStoryboardName = LaunchScreen;
				INFOPLIST_KEY_UIMainStoryboardFile = Main;
				INFOPLIST_KEY_UISupportedInterfaceOrientations_iPad = "UIInterfaceOrientationPortrait UIInterfaceOrientationPortraitUpsideDown UIInterfaceOrientationLandscapeLeft UIInterfaceOrientationLandscapeRight";
				INFOPLIST_KEY_UISupportedInterfaceOrientations_iPhone = "UIInterfaceOrientationPortrait UIInterfaceOrientationLandscapeLeft UIInterfaceOrientationLandscapeRight";
				LD_RUNPATH_SEARCH_PATHS = (
					"$(inherited)",
					"@executable_path/Frameworks",
				);
				MARKETING_VERSION = 1.0;
				PRODUCT_BUNDLE_IDENTIFIER = "WonDongHyun.-023-Graduate-Project";
				PRODUCT_NAME = "$(TARGET_NAME)";
				SWIFT_EMIT_LOC_STRINGS = YES;
				SWIFT_VERSION = 5.0;
				TARGETED_DEVICE_FAMILY = "1,2";
			};
			name = Debug;
		};
		8FF9200C29CDA84C000C2AD1 /* Release */ = {
			isa = XCBuildConfiguration;
			buildSettings = {
				ASSETCATALOG_COMPILER_APPICON_NAME = AppIcon;
				ASSETCATALOG_COMPILER_GLOBAL_ACCENT_COLOR_NAME = AccentColor;
				CODE_SIGN_STYLE = Automatic;
				CURRENT_PROJECT_VERSION = 1;
				DEVELOPMENT_TEAM = H5CH2SK77M;
				GENERATE_INFOPLIST_FILE = YES;
				INFOPLIST_FILE = 2023_Graduate_Project/Info.plist;
				INFOPLIST_KEY_UIApplicationSupportsIndirectInputEvents = YES;
				INFOPLIST_KEY_UILaunchStoryboardName = LaunchScreen;
				INFOPLIST_KEY_UIMainStoryboardFile = Main;
				INFOPLIST_KEY_UISupportedInterfaceOrientations_iPad = "UIInterfaceOrientationPortrait UIInterfaceOrientationPortraitUpsideDown UIInterfaceOrientationLandscapeLeft UIInterfaceOrientationLandscapeRight";
				INFOPLIST_KEY_UISupportedInterfaceOrientations_iPhone = "UIInterfaceOrientationPortrait UIInterfaceOrientationLandscapeLeft UIInterfaceOrientationLandscapeRight";
				LD_RUNPATH_SEARCH_PATHS = (
					"$(inherited)",
					"@executable_path/Frameworks",
				);
				MARKETING_VERSION = 1.0;
				PRODUCT_BUNDLE_IDENTIFIER = "WonDongHyun.-023-Graduate-Project";
				PRODUCT_NAME = "$(TARGET_NAME)";
				SWIFT_EMIT_LOC_STRINGS = YES;
				SWIFT_VERSION = 5.0;
				TARGETED_DEVICE_FAMILY = "1,2";
			};
			name = Release;
		};
/* End XCBuildConfiguration section */

/* Begin XCConfigurationList section */
		8FF91FF129CDA84B000C2AD1 /* Build configuration list for PBXProject "2023_Graduate_Project" */ = {
			isa = XCConfigurationList;
			buildConfigurations = (
				8FF9200829CDA84C000C2AD1 /* Debug */,
				8FF9200929CDA84C000C2AD1 /* Release */,
			);
			defaultConfigurationIsVisible = 0;
			defaultConfigurationName = Release;
		};
		8FF9200A29CDA84C000C2AD1 /* Build configuration list for PBXNativeTarget "2023_Graduate_Project" */ = {
			isa = XCConfigurationList;
			buildConfigurations = (
				8FF9200B29CDA84C000C2AD1 /* Debug */,
				8FF9200C29CDA84C000C2AD1 /* Release */,
			);
			defaultConfigurationIsVisible = 0;
			defaultConfigurationName = Release;
		};
/* End XCConfigurationList section */

/* Begin XCRemoteSwiftPackageReference section */
		8F4261ED2AFD1AF1004E2936 /* XCRemoteSwiftPackageReference "firebase-ios-sdk" */ = {
			isa = XCRemoteSwiftPackageReference;
			repositoryURL = "https://github.com/firebase/firebase-ios-sdk.git";
			requirement = {
				kind = upToNextMajorVersion;
				minimumVersion = 10.17.0;
			};
		};
		8F4262262AFD25CA004E2936 /* XCRemoteSwiftPackageReference "RxSwift" */ = {
			isa = XCRemoteSwiftPackageReference;
			repositoryURL = "https://github.com/ReactiveX/RxSwift.git";
			requirement = {
				kind = upToNextMajorVersion;
				minimumVersion = 6.6.0;
			};
		};
/* End XCRemoteSwiftPackageReference section */

/* Begin XCSwiftPackageProductDependency section */
		8F4261EE2AFD1AF1004E2936 /* FirebaseAnalytics */ = {
			isa = XCSwiftPackageProductDependency;
			package = 8F4261ED2AFD1AF1004E2936 /* XCRemoteSwiftPackageReference "firebase-ios-sdk" */;
			productName = FirebaseAnalytics;
		};
		8F4261F02AFD1AF1004E2936 /* FirebaseAnalyticsOnDeviceConversion */ = {
			isa = XCSwiftPackageProductDependency;
			package = 8F4261ED2AFD1AF1004E2936 /* XCRemoteSwiftPackageReference "firebase-ios-sdk" */;
			productName = FirebaseAnalyticsOnDeviceConversion;
		};
		8F4261F22AFD1AF1004E2936 /* FirebaseAnalyticsSwift */ = {
			isa = XCSwiftPackageProductDependency;
			package = 8F4261ED2AFD1AF1004E2936 /* XCRemoteSwiftPackageReference "firebase-ios-sdk" */;
			productName = FirebaseAnalyticsSwift;
		};
		8F4261F42AFD1AF1004E2936 /* FirebaseAnalyticsWithoutAdIdSupport */ = {
			isa = XCSwiftPackageProductDependency;
			package = 8F4261ED2AFD1AF1004E2936 /* XCRemoteSwiftPackageReference "firebase-ios-sdk" */;
			productName = FirebaseAnalyticsWithoutAdIdSupport;
		};
		8F4261F62AFD1AF1004E2936 /* FirebaseAppCheck */ = {
			isa = XCSwiftPackageProductDependency;
			package = 8F4261ED2AFD1AF1004E2936 /* XCRemoteSwiftPackageReference "firebase-ios-sdk" */;
			productName = FirebaseAppCheck;
		};
		8F4261F82AFD1AF1004E2936 /* FirebaseAppDistribution-Beta */ = {
			isa = XCSwiftPackageProductDependency;
			package = 8F4261ED2AFD1AF1004E2936 /* XCRemoteSwiftPackageReference "firebase-ios-sdk" */;
			productName = "FirebaseAppDistribution-Beta";
		};
		8F4261FA2AFD1AF1004E2936 /* FirebaseAuth */ = {
			isa = XCSwiftPackageProductDependency;
			package = 8F4261ED2AFD1AF1004E2936 /* XCRemoteSwiftPackageReference "firebase-ios-sdk" */;
			productName = FirebaseAuth;
		};
		8F4261FC2AFD1AF1004E2936 /* FirebaseAuthCombine-Community */ = {
			isa = XCSwiftPackageProductDependency;
			package = 8F4261ED2AFD1AF1004E2936 /* XCRemoteSwiftPackageReference "firebase-ios-sdk" */;
			productName = "FirebaseAuthCombine-Community";
		};
		8F4261FE2AFD1AF1004E2936 /* FirebaseCrashlytics */ = {
			isa = XCSwiftPackageProductDependency;
			package = 8F4261ED2AFD1AF1004E2936 /* XCRemoteSwiftPackageReference "firebase-ios-sdk" */;
			productName = FirebaseCrashlytics;
		};
		8F4262002AFD1AF1004E2936 /* FirebaseDatabase */ = {
			isa = XCSwiftPackageProductDependency;
			package = 8F4261ED2AFD1AF1004E2936 /* XCRemoteSwiftPackageReference "firebase-ios-sdk" */;
			productName = FirebaseDatabase;
		};
		8F4262022AFD1AF1004E2936 /* FirebaseDatabaseSwift */ = {
			isa = XCSwiftPackageProductDependency;
			package = 8F4261ED2AFD1AF1004E2936 /* XCRemoteSwiftPackageReference "firebase-ios-sdk" */;
			productName = FirebaseDatabaseSwift;
		};
		8F4262042AFD1AF1004E2936 /* FirebaseDynamicLinks */ = {
			isa = XCSwiftPackageProductDependency;
			package = 8F4261ED2AFD1AF1004E2936 /* XCRemoteSwiftPackageReference "firebase-ios-sdk" */;
			productName = FirebaseDynamicLinks;
		};
		8F4262062AFD1AF1004E2936 /* FirebaseFirestore */ = {
			isa = XCSwiftPackageProductDependency;
			package = 8F4261ED2AFD1AF1004E2936 /* XCRemoteSwiftPackageReference "firebase-ios-sdk" */;
			productName = FirebaseFirestore;
		};
		8F4262082AFD1AF1004E2936 /* FirebaseFirestoreCombine-Community */ = {
			isa = XCSwiftPackageProductDependency;
			package = 8F4261ED2AFD1AF1004E2936 /* XCRemoteSwiftPackageReference "firebase-ios-sdk" */;
			productName = "FirebaseFirestoreCombine-Community";
		};
		8F42620A2AFD1AF1004E2936 /* FirebaseFirestoreSwift */ = {
			isa = XCSwiftPackageProductDependency;
			package = 8F4261ED2AFD1AF1004E2936 /* XCRemoteSwiftPackageReference "firebase-ios-sdk" */;
			productName = FirebaseFirestoreSwift;
		};
		8F42620C2AFD1AF1004E2936 /* FirebaseFunctions */ = {
			isa = XCSwiftPackageProductDependency;
			package = 8F4261ED2AFD1AF1004E2936 /* XCRemoteSwiftPackageReference "firebase-ios-sdk" */;
			productName = FirebaseFunctions;
		};
		8F42620E2AFD1AF1004E2936 /* FirebaseFunctionsCombine-Community */ = {
			isa = XCSwiftPackageProductDependency;
			package = 8F4261ED2AFD1AF1004E2936 /* XCRemoteSwiftPackageReference "firebase-ios-sdk" */;
			productName = "FirebaseFunctionsCombine-Community";
		};
		8F4262102AFD1AF1004E2936 /* FirebaseInAppMessaging-Beta */ = {
			isa = XCSwiftPackageProductDependency;
			package = 8F4261ED2AFD1AF1004E2936 /* XCRemoteSwiftPackageReference "firebase-ios-sdk" */;
			productName = "FirebaseInAppMessaging-Beta";
		};
		8F4262122AFD1AF1004E2936 /* FirebaseInAppMessagingSwift-Beta */ = {
			isa = XCSwiftPackageProductDependency;
			package = 8F4261ED2AFD1AF1004E2936 /* XCRemoteSwiftPackageReference "firebase-ios-sdk" */;
			productName = "FirebaseInAppMessagingSwift-Beta";
		};
		8F4262142AFD1AF1004E2936 /* FirebaseInstallations */ = {
			isa = XCSwiftPackageProductDependency;
			package = 8F4261ED2AFD1AF1004E2936 /* XCRemoteSwiftPackageReference "firebase-ios-sdk" */;
			productName = FirebaseInstallations;
		};
		8F4262162AFD1AF1004E2936 /* FirebaseMLModelDownloader */ = {
			isa = XCSwiftPackageProductDependency;
			package = 8F4261ED2AFD1AF1004E2936 /* XCRemoteSwiftPackageReference "firebase-ios-sdk" */;
			productName = FirebaseMLModelDownloader;
		};
		8F4262182AFD1AF1004E2936 /* FirebaseMessaging */ = {
			isa = XCSwiftPackageProductDependency;
			package = 8F4261ED2AFD1AF1004E2936 /* XCRemoteSwiftPackageReference "firebase-ios-sdk" */;
			productName = FirebaseMessaging;
		};
		8F42621A2AFD1AF1004E2936 /* FirebasePerformance */ = {
			isa = XCSwiftPackageProductDependency;
			package = 8F4261ED2AFD1AF1004E2936 /* XCRemoteSwiftPackageReference "firebase-ios-sdk" */;
			productName = FirebasePerformance;
		};
		8F42621C2AFD1AF1004E2936 /* FirebaseRemoteConfig */ = {
			isa = XCSwiftPackageProductDependency;
			package = 8F4261ED2AFD1AF1004E2936 /* XCRemoteSwiftPackageReference "firebase-ios-sdk" */;
			productName = FirebaseRemoteConfig;
		};
		8F42621E2AFD1AF1004E2936 /* FirebaseRemoteConfigSwift */ = {
			isa = XCSwiftPackageProductDependency;
			package = 8F4261ED2AFD1AF1004E2936 /* XCRemoteSwiftPackageReference "firebase-ios-sdk" */;
			productName = FirebaseRemoteConfigSwift;
		};
		8F4262202AFD1AF1004E2936 /* FirebaseStorage */ = {
			isa = XCSwiftPackageProductDependency;
			package = 8F4261ED2AFD1AF1004E2936 /* XCRemoteSwiftPackageReference "firebase-ios-sdk" */;
			productName = FirebaseStorage;
		};
		8F4262222AFD1AF1004E2936 /* FirebaseStorageCombine-Community */ = {
			isa = XCSwiftPackageProductDependency;
			package = 8F4261ED2AFD1AF1004E2936 /* XCRemoteSwiftPackageReference "firebase-ios-sdk" */;
			productName = "FirebaseStorageCombine-Community";
		};
		8F4262272AFD25CA004E2936 /* RxBlocking */ = {
			isa = XCSwiftPackageProductDependency;
			package = 8F4262262AFD25CA004E2936 /* XCRemoteSwiftPackageReference "RxSwift" */;
			productName = RxBlocking;
		};
		8F4262292AFD25CA004E2936 /* RxBlocking-Dynamic */ = {
			isa = XCSwiftPackageProductDependency;
			package = 8F4262262AFD25CA004E2936 /* XCRemoteSwiftPackageReference "RxSwift" */;
			productName = "RxBlocking-Dynamic";
		};
		8F42622B2AFD25CA004E2936 /* RxCocoa */ = {
			isa = XCSwiftPackageProductDependency;
			package = 8F4262262AFD25CA004E2936 /* XCRemoteSwiftPackageReference "RxSwift" */;
			productName = RxCocoa;
		};
		8F42622D2AFD25CA004E2936 /* RxCocoa-Dynamic */ = {
			isa = XCSwiftPackageProductDependency;
			package = 8F4262262AFD25CA004E2936 /* XCRemoteSwiftPackageReference "RxSwift" */;
			productName = "RxCocoa-Dynamic";
		};
		8F42622F2AFD25CA004E2936 /* RxRelay */ = {
			isa = XCSwiftPackageProductDependency;
			package = 8F4262262AFD25CA004E2936 /* XCRemoteSwiftPackageReference "RxSwift" */;
			productName = RxRelay;
		};
/* End XCSwiftPackageProductDependency section */
	};
	rootObject = 8FF91FEE29CDA84B000C2AD1 /* Project object */;
}
