// !$*UTF8*$!
{
	archiveVersion = 1;
	classes = {
	};
	objectVersion = 56;
	objects = {

/* Begin PBXBuildFile section */
		8F0A690629E084C000E1ED2B /* weatherInformation.swift in Sources */ = {isa = PBXBuildFile; fileRef = 8F0A690529E084C000E1ED2B /* weatherInformation.swift */; };
		8F0A690829E084F500E1ED2B /* MainViewController.swift in Sources */ = {isa = PBXBuildFile; fileRef = 8F0A690729E084F500E1ED2B /* MainViewController.swift */; };
		8F0A690A29E0856300E1ED2B /* ErrorMessage.swift in Sources */ = {isa = PBXBuildFile; fileRef = 8F0A690929E0856300E1ED2B /* ErrorMessage.swift */; };
		8F0A692C29E1B4DF00E1ED2B /* BannerInfo.swift in Sources */ = {isa = PBXBuildFile; fileRef = 8F0A692B29E1B4DF00E1ED2B /* BannerInfo.swift */; };
		8F0A692E29E1B54100E1ED2B /* BannerCell.swift in Sources */ = {isa = PBXBuildFile; fileRef = 8F0A692D29E1B54000E1ED2B /* BannerCell.swift */; };
		8F97513629D9E82A00B6A0BE /* LaunchScreenViewController.swift in Sources */ = {isa = PBXBuildFile; fileRef = 8F97513529D9E82A00B6A0BE /* LaunchScreenViewController.swift */; };
		8F97513829D9E88300B6A0BE /* DeviceConfig.swift in Sources */ = {isa = PBXBuildFile; fileRef = 8F97513729D9E88300B6A0BE /* DeviceConfig.swift */; };
		8F9C762D29FFA84C00EC9478 /* FreeBoardTableViewCell.swift in Sources */ = {isa = PBXBuildFile; fileRef = 8F9C762B29FFA84C00EC9478 /* FreeBoardTableViewCell.swift */; };
		8F9C762E29FFA84C00EC9478 /* FreeBoardTableViewCell.xib in Resources */ = {isa = PBXBuildFile; fileRef = 8F9C762C29FFA84C00EC9478 /* FreeBoardTableViewCell.xib */; };
		8FADDF6E2A0128BA00B2172A /* RequestViewController.swift in Sources */ = {isa = PBXBuildFile; fileRef = 8FADDF6D2A0128BA00B2172A /* RequestViewController.swift */; };
		8FE5DC8E29E32E68008CCE25 /* EnterEmailViewController.swift in Sources */ = {isa = PBXBuildFile; fileRef = 8FE5DC8D29E32E68008CCE25 /* EnterEmailViewController.swift */; };
		8FE5DC9029E3DE1B008CCE25 /* GoogleService-Info.plist in Resources */ = {isa = PBXBuildFile; fileRef = 8FE5DC8F29E3DE1B008CCE25 /* GoogleService-Info.plist */; };
		8FE5DC9229E3F94C008CCE25 /* MyInformationViewController.swift in Sources */ = {isa = PBXBuildFile; fileRef = 8FE5DC9129E3F94C008CCE25 /* MyInformationViewController.swift */; };
		8FE5DC9629E42581008CCE25 /* Splash.storyboard in Resources */ = {isa = PBXBuildFile; fileRef = 8FE5DC9529E42581008CCE25 /* Splash.storyboard */; };
		8FEF07AA29E1D5E6001D6962 /* LoginViewController.swift in Sources */ = {isa = PBXBuildFile; fileRef = 8FEF07A929E1D5E6001D6962 /* LoginViewController.swift */; };
		8FF91FFA29CDA84B000C2AD1 /* AppDelegate.swift in Sources */ = {isa = PBXBuildFile; fileRef = 8FF91FF929CDA84B000C2AD1 /* AppDelegate.swift */; };
		8FF91FFC29CDA84B000C2AD1 /* SceneDelegate.swift in Sources */ = {isa = PBXBuildFile; fileRef = 8FF91FFB29CDA84B000C2AD1 /* SceneDelegate.swift */; };
		8FF9200129CDA84B000C2AD1 /* Main.storyboard in Resources */ = {isa = PBXBuildFile; fileRef = 8FF91FFF29CDA84B000C2AD1 /* Main.storyboard */; };
		8FF9200329CDA84C000C2AD1 /* Assets.xcassets in Resources */ = {isa = PBXBuildFile; fileRef = 8FF9200229CDA84C000C2AD1 /* Assets.xcassets */; };
		8FF9200629CDA84C000C2AD1 /* LaunchScreen.storyboard in Resources */ = {isa = PBXBuildFile; fileRef = 8FF9200429CDA84C000C2AD1 /* LaunchScreen.storyboard */; };
		8FF9200E29CDA96A000C2AD1 /* MapViewController.swift in Sources */ = {isa = PBXBuildFile; fileRef = 8FF9200D29CDA96A000C2AD1 /* MapViewController.swift */; };
		95265EAC2AF377071129F1A4 /* Pods_2023_Graduate_Project.framework in Frameworks */ = {isa = PBXBuildFile; fileRef = 9A34297FC8931C7300BE79C3 /* Pods_2023_Graduate_Project.framework */; };
/* End PBXBuildFile section */

/* Begin PBXFileReference section */
		07B8718C88B326E7F8F13ACF /* Pods-2023_Graduate_Project.debug.xcconfig */ = {isa = PBXFileReference; includeInIndex = 1; lastKnownFileType = text.xcconfig; name = "Pods-2023_Graduate_Project.debug.xcconfig"; path = "Target Support Files/Pods-2023_Graduate_Project/Pods-2023_Graduate_Project.debug.xcconfig"; sourceTree = "<group>"; };
		8F0A690529E084C000E1ED2B /* weatherInformation.swift */ = {isa = PBXFileReference; lastKnownFileType = sourcecode.swift; path = weatherInformation.swift; sourceTree = "<group>"; };
		8F0A690729E084F500E1ED2B /* MainViewController.swift */ = {isa = PBXFileReference; lastKnownFileType = sourcecode.swift; path = MainViewController.swift; sourceTree = "<group>"; };
		8F0A690929E0856300E1ED2B /* ErrorMessage.swift */ = {isa = PBXFileReference; lastKnownFileType = sourcecode.swift; path = ErrorMessage.swift; sourceTree = "<group>"; };
		8F0A692B29E1B4DF00E1ED2B /* BannerInfo.swift */ = {isa = PBXFileReference; lastKnownFileType = sourcecode.swift; path = BannerInfo.swift; sourceTree = "<group>"; };
		8F0A692D29E1B54000E1ED2B /* BannerCell.swift */ = {isa = PBXFileReference; lastKnownFileType = sourcecode.swift; path = BannerCell.swift; sourceTree = "<group>"; };
		8F97513529D9E82A00B6A0BE /* LaunchScreenViewController.swift */ = {isa = PBXFileReference; lastKnownFileType = sourcecode.swift; path = LaunchScreenViewController.swift; sourceTree = "<group>"; };
		8F97513729D9E88300B6A0BE /* DeviceConfig.swift */ = {isa = PBXFileReference; lastKnownFileType = sourcecode.swift; path = DeviceConfig.swift; sourceTree = "<group>"; };
		8F9C762B29FFA84C00EC9478 /* FreeBoardTableViewCell.swift */ = {isa = PBXFileReference; lastKnownFileType = sourcecode.swift; path = FreeBoardTableViewCell.swift; sourceTree = "<group>"; };
		8F9C762C29FFA84C00EC9478 /* FreeBoardTableViewCell.xib */ = {isa = PBXFileReference; lastKnownFileType = file.xib; path = FreeBoardTableViewCell.xib; sourceTree = "<group>"; };
		8FADDF6D2A0128BA00B2172A /* RequestViewController.swift */ = {isa = PBXFileReference; lastKnownFileType = sourcecode.swift; path = RequestViewController.swift; sourceTree = "<group>"; };
		8FE5DC8D29E32E68008CCE25 /* EnterEmailViewController.swift */ = {isa = PBXFileReference; lastKnownFileType = sourcecode.swift; path = EnterEmailViewController.swift; sourceTree = "<group>"; };
		8FE5DC8F29E3DE1B008CCE25 /* GoogleService-Info.plist */ = {isa = PBXFileReference; fileEncoding = 4; lastKnownFileType = text.plist.xml; name = "GoogleService-Info.plist"; path = "../../../Downloads/GoogleService-Info.plist"; sourceTree = "<group>"; };
		8FE5DC9129E3F94C008CCE25 /* MyInformationViewController.swift */ = {isa = PBXFileReference; lastKnownFileType = sourcecode.swift; path = MyInformationViewController.swift; sourceTree = "<group>"; };
		8FE5DC9529E42581008CCE25 /* Splash.storyboard */ = {isa = PBXFileReference; lastKnownFileType = file.storyboard; path = Splash.storyboard; sourceTree = "<group>"; };
		8FEF07A929E1D5E6001D6962 /* LoginViewController.swift */ = {isa = PBXFileReference; lastKnownFileType = sourcecode.swift; path = LoginViewController.swift; sourceTree = "<group>"; };
		8FF91FF629CDA84B000C2AD1 /* 2023_Graduate_Project.app */ = {isa = PBXFileReference; explicitFileType = wrapper.application; includeInIndex = 0; path = 2023_Graduate_Project.app; sourceTree = BUILT_PRODUCTS_DIR; };
		8FF91FF929CDA84B000C2AD1 /* AppDelegate.swift */ = {isa = PBXFileReference; lastKnownFileType = sourcecode.swift; path = AppDelegate.swift; sourceTree = "<group>"; };
		8FF91FFB29CDA84B000C2AD1 /* SceneDelegate.swift */ = {isa = PBXFileReference; lastKnownFileType = sourcecode.swift; path = SceneDelegate.swift; sourceTree = "<group>"; };
		8FF9200029CDA84B000C2AD1 /* Base */ = {isa = PBXFileReference; lastKnownFileType = file.storyboard; name = Base; path = Base.lproj/Main.storyboard; sourceTree = "<group>"; };
		8FF9200229CDA84C000C2AD1 /* Assets.xcassets */ = {isa = PBXFileReference; lastKnownFileType = folder.assetcatalog; path = Assets.xcassets; sourceTree = "<group>"; };
		8FF9200529CDA84C000C2AD1 /* Base */ = {isa = PBXFileReference; lastKnownFileType = file.storyboard; name = Base; path = Base.lproj/LaunchScreen.storyboard; sourceTree = "<group>"; };
		8FF9200729CDA84C000C2AD1 /* Info.plist */ = {isa = PBXFileReference; lastKnownFileType = text.plist.xml; path = Info.plist; sourceTree = "<group>"; };
		8FF9200D29CDA96A000C2AD1 /* MapViewController.swift */ = {isa = PBXFileReference; lastKnownFileType = sourcecode.swift; path = MapViewController.swift; sourceTree = "<group>"; };
		9A34297FC8931C7300BE79C3 /* Pods_2023_Graduate_Project.framework */ = {isa = PBXFileReference; explicitFileType = wrapper.framework; includeInIndex = 0; path = Pods_2023_Graduate_Project.framework; sourceTree = BUILT_PRODUCTS_DIR; };
		EB51F39E724F4AA8CAB0048B /* Pods-2023_Graduate_Project.release.xcconfig */ = {isa = PBXFileReference; includeInIndex = 1; lastKnownFileType = text.xcconfig; name = "Pods-2023_Graduate_Project.release.xcconfig"; path = "Target Support Files/Pods-2023_Graduate_Project/Pods-2023_Graduate_Project.release.xcconfig"; sourceTree = "<group>"; };
/* End PBXFileReference section */

/* Begin PBXFrameworksBuildPhase section */
		8FF91FF329CDA84B000C2AD1 /* Frameworks */ = {
			isa = PBXFrameworksBuildPhase;
			buildActionMask = 2147483647;
			files = (
				95265EAC2AF377071129F1A4 /* Pods_2023_Graduate_Project.framework in Frameworks */,
			);
			runOnlyForDeploymentPostprocessing = 0;
		};
/* End PBXFrameworksBuildPhase section */

/* Begin PBXGroup section */
		5D9677590EDAFECADB647771 /* Pods */ = {
			isa = PBXGroup;
			children = (
				07B8718C88B326E7F8F13ACF /* Pods-2023_Graduate_Project.debug.xcconfig */,
				EB51F39E724F4AA8CAB0048B /* Pods-2023_Graduate_Project.release.xcconfig */,
			);
			path = Pods;
			sourceTree = "<group>";
		};
		8FF91FED29CDA84B000C2AD1 = {
			isa = PBXGroup;
			children = (
				8FF91FF829CDA84B000C2AD1 /* 2023_Graduate_Project */,
				8FF91FF729CDA84B000C2AD1 /* Products */,
				5D9677590EDAFECADB647771 /* Pods */,
				DA40116D967E21E48A120FCE /* Frameworks */,
			);
			sourceTree = "<group>";
		};
		8FF91FF729CDA84B000C2AD1 /* Products */ = {
			isa = PBXGroup;
			children = (
				8FF91FF629CDA84B000C2AD1 /* 2023_Graduate_Project.app */,
			);
			name = Products;
			sourceTree = "<group>";
		};
		8FF91FF829CDA84B000C2AD1 /* 2023_Graduate_Project */ = {
			isa = PBXGroup;
			children = (
				8FF91FF929CDA84B000C2AD1 /* AppDelegate.swift */,
				8FF91FFB29CDA84B000C2AD1 /* SceneDelegate.swift */,
				8F97513729D9E88300B6A0BE /* DeviceConfig.swift */,
				8FEF07A929E1D5E6001D6962 /* LoginViewController.swift */,
				8FE5DC8D29E32E68008CCE25 /* EnterEmailViewController.swift */,
				8F0A690729E084F500E1ED2B /* MainViewController.swift */,
				8FE5DC9129E3F94C008CCE25 /* MyInformationViewController.swift */,
				8FF9200D29CDA96A000C2AD1 /* MapViewController.swift */,
				8F97513529D9E82A00B6A0BE /* LaunchScreenViewController.swift */,
				8FADDF6D2A0128BA00B2172A /* RequestViewController.swift */,
				8FF91FFF29CDA84B000C2AD1 /* Main.storyboard */,
				8FF9200229CDA84C000C2AD1 /* Assets.xcassets */,
				8FE5DC9529E42581008CCE25 /* Splash.storyboard */,
				8FF9200429CDA84C000C2AD1 /* LaunchScreen.storyboard */,
				8F0A690529E084C000E1ED2B /* weatherInformation.swift */,
				8FF9200729CDA84C000C2AD1 /* Info.plist */,
				8FE5DC8F29E3DE1B008CCE25 /* GoogleService-Info.plist */,
				8F0A690929E0856300E1ED2B /* ErrorMessage.swift */,
				8F0A692B29E1B4DF00E1ED2B /* BannerInfo.swift */,
				8F0A692D29E1B54000E1ED2B /* BannerCell.swift */,
				8F9C762B29FFA84C00EC9478 /* FreeBoardTableViewCell.swift */,
				8F9C762C29FFA84C00EC9478 /* FreeBoardTableViewCell.xib */,
			);
			path = 2023_Graduate_Project;
			sourceTree = "<group>";
		};
		DA40116D967E21E48A120FCE /* Frameworks */ = {
			isa = PBXGroup;
			children = (
				9A34297FC8931C7300BE79C3 /* Pods_2023_Graduate_Project.framework */,
			);
			name = Frameworks;
			sourceTree = "<group>";
		};
/* End PBXGroup section */

/* Begin PBXNativeTarget section */
		8FF91FF529CDA84B000C2AD1 /* 2023_Graduate_Project */ = {
			isa = PBXNativeTarget;
			buildConfigurationList = 8FF9200A29CDA84C000C2AD1 /* Build configuration list for PBXNativeTarget "2023_Graduate_Project" */;
			buildPhases = (
				61FA19BBDCA131F1F204EF30 /* [CP] Check Pods Manifest.lock */,
				8FF91FF229CDA84B000C2AD1 /* Sources */,
				8FF91FF329CDA84B000C2AD1 /* Frameworks */,
				8FF91FF429CDA84B000C2AD1 /* Resources */,
				3634D4DC3CC845FF957460D4 /* [CP] Embed Pods Frameworks */,
			);
			buildRules = (
			);
			dependencies = (
			);
			name = 2023_Graduate_Project;
			productName = 2023_Graduate_Project;
			productReference = 8FF91FF629CDA84B000C2AD1 /* 2023_Graduate_Project.app */;
			productType = "com.apple.product-type.application";
		};
/* End PBXNativeTarget section */

/* Begin PBXProject section */
		8FF91FEE29CDA84B000C2AD1 /* Project object */ = {
			isa = PBXProject;
			attributes = {
				BuildIndependentTargetsInParallel = 1;
				LastSwiftUpdateCheck = 1420;
				LastUpgradeCheck = 1420;
				TargetAttributes = {
					8FF91FF529CDA84B000C2AD1 = {
						CreatedOnToolsVersion = 14.2;
					};
				};
			};
			buildConfigurationList = 8FF91FF129CDA84B000C2AD1 /* Build configuration list for PBXProject "2023_Graduate_Project" */;
			compatibilityVersion = "Xcode 14.0";
			developmentRegion = en;
			hasScannedForEncodings = 0;
			knownRegions = (
				en,
				Base,
			);
			mainGroup = 8FF91FED29CDA84B000C2AD1;
			productRefGroup = 8FF91FF729CDA84B000C2AD1 /* Products */;
			projectDirPath = "";
			projectRoot = "";
			targets = (
				8FF91FF529CDA84B000C2AD1 /* 2023_Graduate_Project */,
			);
		};
/* End PBXProject section */

/* Begin PBXResourcesBuildPhase section */
		8FF91FF429CDA84B000C2AD1 /* Resources */ = {
			isa = PBXResourcesBuildPhase;
			buildActionMask = 2147483647;
			files = (
				8FF9200629CDA84C000C2AD1 /* LaunchScreen.storyboard in Resources */,
				8FE5DC9029E3DE1B008CCE25 /* GoogleService-Info.plist in Resources */,
				8FF9200329CDA84C000C2AD1 /* Assets.xcassets in Resources */,
				8FE5DC9629E42581008CCE25 /* Splash.storyboard in Resources */,
				8F9C762E29FFA84C00EC9478 /* FreeBoardTableViewCell.xib in Resources */,
				8FF9200129CDA84B000C2AD1 /* Main.storyboard in Resources */,
			);
			runOnlyForDeploymentPostprocessing = 0;
		};
/* End PBXResourcesBuildPhase section */

/* Begin PBXShellScriptBuildPhase section */
		3634D4DC3CC845FF957460D4 /* [CP] Embed Pods Frameworks */ = {
			isa = PBXShellScriptBuildPhase;
			buildActionMask = 2147483647;
			files = (
			);
			inputFileListPaths = (
				"${PODS_ROOT}/Target Support Files/Pods-2023_Graduate_Project/Pods-2023_Graduate_Project-frameworks-${CONFIGURATION}-input-files.xcfilelist",
			);
			name = "[CP] Embed Pods Frameworks";
			outputFileListPaths = (
				"${PODS_ROOT}/Target Support Files/Pods-2023_Graduate_Project/Pods-2023_Graduate_Project-frameworks-${CONFIGURATION}-output-files.xcfilelist",
			);
			runOnlyForDeploymentPostprocessing = 0;
			shellPath = /bin/sh;
			shellScript = "\"${PODS_ROOT}/Target Support Files/Pods-2023_Graduate_Project/Pods-2023_Graduate_Project-frameworks.sh\"\n";
			showEnvVarsInLog = 0;
		};
		61FA19BBDCA131F1F204EF30 /* [CP] Check Pods Manifest.lock */ = {
			isa = PBXShellScriptBuildPhase;
			buildActionMask = 2147483647;
			files = (
			);
			inputFileListPaths = (
			);
			inputPaths = (
				"${PODS_PODFILE_DIR_PATH}/Podfile.lock",
				"${PODS_ROOT}/Manifest.lock",
			);
			name = "[CP] Check Pods Manifest.lock";
			outputFileListPaths = (
			);
			outputPaths = (
				"$(DERIVED_FILE_DIR)/Pods-2023_Graduate_Project-checkManifestLockResult.txt",
			);
			runOnlyForDeploymentPostprocessing = 0;
			shellPath = /bin/sh;
			shellScript = "diff \"${PODS_PODFILE_DIR_PATH}/Podfile.lock\" \"${PODS_ROOT}/Manifest.lock\" > /dev/null\nif [ $? != 0 ] ; then\n    # print error to STDERR\n    echo \"error: The sandbox is not in sync with the Podfile.lock. Run 'pod install' or update your CocoaPods installation.\" >&2\n    exit 1\nfi\n# This output is used by Xcode 'outputs' to avoid re-running this script phase.\necho \"SUCCESS\" > \"${SCRIPT_OUTPUT_FILE_0}\"\n";
			showEnvVarsInLog = 0;
		};
/* End PBXShellScriptBuildPhase section */

/* Begin PBXSourcesBuildPhase section */
		8FF91FF229CDA84B000C2AD1 /* Sources */ = {
			isa = PBXSourcesBuildPhase;
			buildActionMask = 2147483647;
			files = (
				8F0A690829E084F500E1ED2B /* MainViewController.swift in Sources */,
				8F0A692E29E1B54100E1ED2B /* BannerCell.swift in Sources */,
				8FADDF6E2A0128BA00B2172A /* RequestViewController.swift in Sources */,
				8F0A692C29E1B4DF00E1ED2B /* BannerInfo.swift in Sources */,
				8FF91FFA29CDA84B000C2AD1 /* AppDelegate.swift in Sources */,
				8F97513829D9E88300B6A0BE /* DeviceConfig.swift in Sources */,
				8FF91FFC29CDA84B000C2AD1 /* SceneDelegate.swift in Sources */,
				8F9C762D29FFA84C00EC9478 /* FreeBoardTableViewCell.swift in Sources */,
				8FE5DC8E29E32E68008CCE25 /* EnterEmailViewController.swift in Sources */,
				8F0A690A29E0856300E1ED2B /* ErrorMessage.swift in Sources */,
				8F0A690629E084C000E1ED2B /* weatherInformation.swift in Sources */,
				8FE5DC9229E3F94C008CCE25 /* MyInformationViewController.swift in Sources */,
				8F97513629D9E82A00B6A0BE /* LaunchScreenViewController.swift in Sources */,
				8FF9200E29CDA96A000C2AD1 /* MapViewController.swift in Sources */,
				8FEF07AA29E1D5E6001D6962 /* LoginViewController.swift in Sources */,
			);
			runOnlyForDeploymentPostprocessing = 0;
		};
/* End PBXSourcesBuildPhase section */

/* Begin PBXVariantGroup section */
		8FF91FFF29CDA84B000C2AD1 /* Main.storyboard */ = {
			isa = PBXVariantGroup;
			children = (
				8FF9200029CDA84B000C2AD1 /* Base */,
			);
			name = Main.storyboard;
			sourceTree = "<group>";
		};
		8FF9200429CDA84C000C2AD1 /* LaunchScreen.storyboard */ = {
			isa = PBXVariantGroup;
			children = (
				8FF9200529CDA84C000C2AD1 /* Base */,
			);
			name = LaunchScreen.storyboard;
			sourceTree = "<group>";
		};
/* End PBXVariantGroup section */

/* Begin XCBuildConfiguration section */
		8FF9200829CDA84C000C2AD1 /* Debug */ = {
			isa = XCBuildConfiguration;
			buildSettings = {
				ALWAYS_SEARCH_USER_PATHS = NO;
				CLANG_ANALYZER_NONNULL = YES;
				CLANG_ANALYZER_NUMBER_OBJECT_CONVERSION = YES_AGGRESSIVE;
				CLANG_CXX_LANGUAGE_STANDARD = "gnu++20";
				CLANG_ENABLE_MODULES = YES;
				CLANG_ENABLE_OBJC_ARC = YES;
				CLANG_ENABLE_OBJC_WEAK = YES;
				CLANG_WARN_BLOCK_CAPTURE_AUTORELEASING = YES;
				CLANG_WARN_BOOL_CONVERSION = YES;
				CLANG_WARN_COMMA = YES;
				CLANG_WARN_CONSTANT_CONVERSION = YES;
				CLANG_WARN_DEPRECATED_OBJC_IMPLEMENTATIONS = YES;
				CLANG_WARN_DIRECT_OBJC_ISA_USAGE = YES_ERROR;
				CLANG_WARN_DOCUMENTATION_COMMENTS = YES;
				CLANG_WARN_EMPTY_BODY = YES;
				CLANG_WARN_ENUM_CONVERSION = YES;
				CLANG_WARN_INFINITE_RECURSION = YES;
				CLANG_WARN_INT_CONVERSION = YES;
				CLANG_WARN_NON_LITERAL_NULL_CONVERSION = YES;
				CLANG_WARN_OBJC_IMPLICIT_RETAIN_SELF = YES;
				CLANG_WARN_OBJC_LITERAL_CONVERSION = YES;
				CLANG_WARN_OBJC_ROOT_CLASS = YES_ERROR;
				CLANG_WARN_QUOTED_INCLUDE_IN_FRAMEWORK_HEADER = YES;
				CLANG_WARN_RANGE_LOOP_ANALYSIS = YES;
				CLANG_WARN_STRICT_PROTOTYPES = YES;
				CLANG_WARN_SUSPICIOUS_MOVE = YES;
				CLANG_WARN_UNGUARDED_AVAILABILITY = YES_AGGRESSIVE;
				CLANG_WARN_UNREACHABLE_CODE = YES;
				CLANG_WARN__DUPLICATE_METHOD_MATCH = YES;
				COPY_PHASE_STRIP = NO;
				DEBUG_INFORMATION_FORMAT = dwarf;
				ENABLE_STRICT_OBJC_MSGSEND = YES;
				ENABLE_TESTABILITY = YES;
				GCC_C_LANGUAGE_STANDARD = gnu11;
				GCC_DYNAMIC_NO_PIC = NO;
				GCC_NO_COMMON_BLOCKS = YES;
				GCC_OPTIMIZATION_LEVEL = 0;
				GCC_PREPROCESSOR_DEFINITIONS = (
					"DEBUG=1",
					"$(inherited)",
				);
				GCC_WARN_64_TO_32_BIT_CONVERSION = YES;
				GCC_WARN_ABOUT_RETURN_TYPE = YES_ERROR;
				GCC_WARN_UNDECLARED_SELECTOR = YES;
				GCC_WARN_UNINITIALIZED_AUTOS = YES_AGGRESSIVE;
				GCC_WARN_UNUSED_FUNCTION = YES;
				GCC_WARN_UNUSED_VARIABLE = YES;
				IPHONEOS_DEPLOYMENT_TARGET = 16.2;
				MTL_ENABLE_DEBUG_INFO = INCLUDE_SOURCE;
				MTL_FAST_MATH = YES;
				ONLY_ACTIVE_ARCH = YES;
				SDKROOT = iphoneos;
				SWIFT_ACTIVE_COMPILATION_CONDITIONS = DEBUG;
				SWIFT_OPTIMIZATION_LEVEL = "-Onone";
			};
			name = Debug;
		};
		8FF9200929CDA84C000C2AD1 /* Release */ = {
			isa = XCBuildConfiguration;
			buildSettings = {
				ALWAYS_SEARCH_USER_PATHS = NO;
				CLANG_ANALYZER_NONNULL = YES;
				CLANG_ANALYZER_NUMBER_OBJECT_CONVERSION = YES_AGGRESSIVE;
				CLANG_CXX_LANGUAGE_STANDARD = "gnu++20";
				CLANG_ENABLE_MODULES = YES;
				CLANG_ENABLE_OBJC_ARC = YES;
				CLANG_ENABLE_OBJC_WEAK = YES;
				CLANG_WARN_BLOCK_CAPTURE_AUTORELEASING = YES;
				CLANG_WARN_BOOL_CONVERSION = YES;
				CLANG_WARN_COMMA = YES;
				CLANG_WARN_CONSTANT_CONVERSION = YES;
				CLANG_WARN_DEPRECATED_OBJC_IMPLEMENTATIONS = YES;
				CLANG_WARN_DIRECT_OBJC_ISA_USAGE = YES_ERROR;
				CLANG_WARN_DOCUMENTATION_COMMENTS = YES;
				CLANG_WARN_EMPTY_BODY = YES;
				CLANG_WARN_ENUM_CONVERSION = YES;
				CLANG_WARN_INFINITE_RECURSION = YES;
				CLANG_WARN_INT_CONVERSION = YES;
				CLANG_WARN_NON_LITERAL_NULL_CONVERSION = YES;
				CLANG_WARN_OBJC_IMPLICIT_RETAIN_SELF = YES;
				CLANG_WARN_OBJC_LITERAL_CONVERSION = YES;
				CLANG_WARN_OBJC_ROOT_CLASS = YES_ERROR;
				CLANG_WARN_QUOTED_INCLUDE_IN_FRAMEWORK_HEADER = YES;
				CLANG_WARN_RANGE_LOOP_ANALYSIS = YES;
				CLANG_WARN_STRICT_PROTOTYPES = YES;
				CLANG_WARN_SUSPICIOUS_MOVE = YES;
				CLANG_WARN_UNGUARDED_AVAILABILITY = YES_AGGRESSIVE;
				CLANG_WARN_UNREACHABLE_CODE = YES;
				CLANG_WARN__DUPLICATE_METHOD_MATCH = YES;
				COPY_PHASE_STRIP = NO;
				DEBUG_INFORMATION_FORMAT = "dwarf-with-dsym";
				ENABLE_NS_ASSERTIONS = NO;
				ENABLE_STRICT_OBJC_MSGSEND = YES;
				GCC_C_LANGUAGE_STANDARD = gnu11;
				GCC_NO_COMMON_BLOCKS = YES;
				GCC_WARN_64_TO_32_BIT_CONVERSION = YES;
				GCC_WARN_ABOUT_RETURN_TYPE = YES_ERROR;
				GCC_WARN_UNDECLARED_SELECTOR = YES;
				GCC_WARN_UNINITIALIZED_AUTOS = YES_AGGRESSIVE;
				GCC_WARN_UNUSED_FUNCTION = YES;
				GCC_WARN_UNUSED_VARIABLE = YES;
				IPHONEOS_DEPLOYMENT_TARGET = 16.2;
				MTL_ENABLE_DEBUG_INFO = NO;
				MTL_FAST_MATH = YES;
				SDKROOT = iphoneos;
				SWIFT_COMPILATION_MODE = wholemodule;
				SWIFT_OPTIMIZATION_LEVEL = "-O";
				VALIDATE_PRODUCT = YES;
			};
			name = Release;
		};
		8FF9200B29CDA84C000C2AD1 /* Debug */ = {
			isa = XCBuildConfiguration;
			baseConfigurationReference = 07B8718C88B326E7F8F13ACF /* Pods-2023_Graduate_Project.debug.xcconfig */;
			buildSettings = {
				ASSETCATALOG_COMPILER_APPICON_NAME = AppIcon;
				ASSETCATALOG_COMPILER_GLOBAL_ACCENT_COLOR_NAME = AccentColor;
				CODE_SIGN_STYLE = Automatic;
				CURRENT_PROJECT_VERSION = 1;
				DEVELOPMENT_TEAM = H5CH2SK77M;
				GENERATE_INFOPLIST_FILE = YES;
				INFOPLIST_FILE = 2023_Graduate_Project/Info.plist;
				INFOPLIST_KEY_UIApplicationSupportsIndirectInputEvents = YES;
				INFOPLIST_KEY_UILaunchStoryboardName = LaunchScreen;
				INFOPLIST_KEY_UIMainStoryboardFile = Main;
				INFOPLIST_KEY_UISupportedInterfaceOrientations_iPad = "UIInterfaceOrientationPortrait UIInterfaceOrientationPortraitUpsideDown UIInterfaceOrientationLandscapeLeft UIInterfaceOrientationLandscapeRight";
				INFOPLIST_KEY_UISupportedInterfaceOrientations_iPhone = "UIInterfaceOrientationPortrait UIInterfaceOrientationLandscapeLeft UIInterfaceOrientationLandscapeRight";
				LD_RUNPATH_SEARCH_PATHS = (
					"$(inherited)",
					"@executable_path/Frameworks",
				);
				MARKETING_VERSION = 1.0;
				PRODUCT_BUNDLE_IDENTIFIER = "WonDongHyun.-023-Graduate-Project";
				PRODUCT_NAME = "$(TARGET_NAME)";
				SWIFT_EMIT_LOC_STRINGS = YES;
				SWIFT_VERSION = 5.0;
				TARGETED_DEVICE_FAMILY = "1,2";
			};
			name = Debug;
		};
		8FF9200C29CDA84C000C2AD1 /* Release */ = {
			isa = XCBuildConfiguration;
			baseConfigurationReference = EB51F39E724F4AA8CAB0048B /* Pods-2023_Graduate_Project.release.xcconfig */;
			buildSettings = {
				ASSETCATALOG_COMPILER_APPICON_NAME = AppIcon;
				ASSETCATALOG_COMPILER_GLOBAL_ACCENT_COLOR_NAME = AccentColor;
				CODE_SIGN_STYLE = Automatic;
				CURRENT_PROJECT_VERSION = 1;
				DEVELOPMENT_TEAM = H5CH2SK77M;
				GENERATE_INFOPLIST_FILE = YES;
				INFOPLIST_FILE = 2023_Graduate_Project/Info.plist;
				INFOPLIST_KEY_UIApplicationSupportsIndirectInputEvents = YES;
				INFOPLIST_KEY_UILaunchStoryboardName = LaunchScreen;
				INFOPLIST_KEY_UIMainStoryboardFile = Main;
				INFOPLIST_KEY_UISupportedInterfaceOrientations_iPad = "UIInterfaceOrientationPortrait UIInterfaceOrientationPortraitUpsideDown UIInterfaceOrientationLandscapeLeft UIInterfaceOrientationLandscapeRight";
				INFOPLIST_KEY_UISupportedInterfaceOrientations_iPhone = "UIInterfaceOrientationPortrait UIInterfaceOrientationLandscapeLeft UIInterfaceOrientationLandscapeRight";
				LD_RUNPATH_SEARCH_PATHS = (
					"$(inherited)",
					"@executable_path/Frameworks",
				);
				MARKETING_VERSION = 1.0;
				PRODUCT_BUNDLE_IDENTIFIER = "WonDongHyun.-023-Graduate-Project";
				PRODUCT_NAME = "$(TARGET_NAME)";
				SWIFT_EMIT_LOC_STRINGS = YES;
				SWIFT_VERSION = 5.0;
				TARGETED_DEVICE_FAMILY = "1,2";
			};
			name = Release;
		};
/* End XCBuildConfiguration section */

/* Begin XCConfigurationList section */
		8FF91FF129CDA84B000C2AD1 /* Build configuration list for PBXProject "2023_Graduate_Project" */ = {
			isa = XCConfigurationList;
			buildConfigurations = (
				8FF9200829CDA84C000C2AD1 /* Debug */,
				8FF9200929CDA84C000C2AD1 /* Release */,
			);
			defaultConfigurationIsVisible = 0;
			defaultConfigurationName = Release;
		};
		8FF9200A29CDA84C000C2AD1 /* Build configuration list for PBXNativeTarget "2023_Graduate_Project" */ = {
			isa = XCConfigurationList;
			buildConfigurations = (
				8FF9200B29CDA84C000C2AD1 /* Debug */,
				8FF9200C29CDA84C000C2AD1 /* Release */,
			);
			defaultConfigurationIsVisible = 0;
			defaultConfigurationName = Release;
		};
/* End XCConfigurationList section */
	};
	rootObject = 8FF91FEE29CDA84B000C2AD1 /* Project object */;
}
